// !$*UTF8*$!
{
	archiveVersion = 1;
	classes = {
	};
	objectVersion = 55;
	objects = {

/* Begin PBXBuildFile section */
		43ADB115286A4C1600CC266B /* AppDelegate.m in Sources */ = {isa = PBXBuildFile; fileRef = 43ADB114286A4C1600CC266B /* AppDelegate.m */; };
		43ADB118286A4C1600CC266B /* SceneDelegate.m in Sources */ = {isa = PBXBuildFile; fileRef = 43ADB117286A4C1600CC266B /* SceneDelegate.m */; };
		43ADB11B286A4C1600CC266B /* ViewController.m in Sources */ = {isa = PBXBuildFile; fileRef = 43ADB11A286A4C1600CC266B /* ViewController.m */; };
		43ADB11E286A4C1600CC266B /* Main.storyboard in Resources */ = {isa = PBXBuildFile; fileRef = 43ADB11C286A4C1600CC266B /* Main.storyboard */; };
		43ADB120286A4C1800CC266B /* Assets.xcassets in Resources */ = {isa = PBXBuildFile; fileRef = 43ADB11F286A4C1800CC266B /* Assets.xcassets */; };
		43ADB123286A4C1800CC266B /* LaunchScreen.storyboard in Resources */ = {isa = PBXBuildFile; fileRef = 43ADB121286A4C1800CC266B /* LaunchScreen.storyboard */; };
		43ADB126286A4C1800CC266B /* main.m in Sources */ = {isa = PBXBuildFile; fileRef = 43ADB125286A4C1800CC266B /* main.m */; };
		43ADB130286A4C1800CC266B /* InstagramTests.m in Sources */ = {isa = PBXBuildFile; fileRef = 43ADB12F286A4C1800CC266B /* InstagramTests.m */; };
		43ADB13A286A4C1800CC266B /* InstagramUITests.m in Sources */ = {isa = PBXBuildFile; fileRef = 43ADB139286A4C1800CC266B /* InstagramUITests.m */; };
		43ADB13C286A4C1800CC266B /* InstagramUITestsLaunchTests.m in Sources */ = {isa = PBXBuildFile; fileRef = 43ADB13B286A4C1800CC266B /* InstagramUITestsLaunchTests.m */; };
/* End PBXBuildFile section */

/* Begin PBXContainerItemProxy section */
		43ADB12C286A4C1800CC266B /* PBXContainerItemProxy */ = {
			isa = PBXContainerItemProxy;
			containerPortal = 43ADB108286A4C1600CC266B /* Project object */;
			proxyType = 1;
			remoteGlobalIDString = 43ADB10F286A4C1600CC266B;
			remoteInfo = Instagram;
		};
		43ADB136286A4C1800CC266B /* PBXContainerItemProxy */ = {
			isa = PBXContainerItemProxy;
			containerPortal = 43ADB108286A4C1600CC266B /* Project object */;
			proxyType = 1;
			remoteGlobalIDString = 43ADB10F286A4C1600CC266B;
			remoteInfo = Instagram;
		};
/* End PBXContainerItemProxy section */

/* Begin PBXFileReference section */
		43ADB110286A4C1600CC266B /* Instagram.app */ = {isa = PBXFileReference; explicitFileType = wrapper.application; includeInIndex = 0; path = Instagram.app; sourceTree = BUILT_PRODUCTS_DIR; };
		43ADB113286A4C1600CC266B /* AppDelegate.h */ = {isa = PBXFileReference; lastKnownFileType = sourcecode.c.h; path = AppDelegate.h; sourceTree = "<group>"; };
		43ADB114286A4C1600CC266B /* AppDelegate.m */ = {isa = PBXFileReference; lastKnownFileType = sourcecode.c.objc; path = AppDelegate.m; sourceTree = "<group>"; };
		43ADB116286A4C1600CC266B /* SceneDelegate.h */ = {isa = PBXFileReference; lastKnownFileType = sourcecode.c.h; path = SceneDelegate.h; sourceTree = "<group>"; };
		43ADB117286A4C1600CC266B /* SceneDelegate.m */ = {isa = PBXFileReference; lastKnownFileType = sourcecode.c.objc; path = SceneDelegate.m; sourceTree = "<group>"; };
		43ADB119286A4C1600CC266B /* ViewController.h */ = {isa = PBXFileReference; lastKnownFileType = sourcecode.c.h; path = ViewController.h; sourceTree = "<group>"; };
		43ADB11A286A4C1600CC266B /* ViewController.m */ = {isa = PBXFileReference; lastKnownFileType = sourcecode.c.objc; path = ViewController.m; sourceTree = "<group>"; };
		43ADB11D286A4C1600CC266B /* Base */ = {isa = PBXFileReference; lastKnownFileType = file.storyboard; name = Base; path = Base.lproj/Main.storyboard; sourceTree = "<group>"; };
		43ADB11F286A4C1800CC266B /* Assets.xcassets */ = {isa = PBXFileReference; lastKnownFileType = folder.assetcatalog; path = Assets.xcassets; sourceTree = "<group>"; };
		43ADB122286A4C1800CC266B /* Base */ = {isa = PBXFileReference; lastKnownFileType = file.storyboard; name = Base; path = Base.lproj/LaunchScreen.storyboard; sourceTree = "<group>"; };
		43ADB124286A4C1800CC266B /* Info.plist */ = {isa = PBXFileReference; lastKnownFileType = text.plist.xml; path = Info.plist; sourceTree = "<group>"; };
		43ADB125286A4C1800CC266B /* main.m */ = {isa = PBXFileReference; lastKnownFileType = sourcecode.c.objc; path = main.m; sourceTree = "<group>"; };
		43ADB12B286A4C1800CC266B /* InstagramTests.xctest */ = {isa = PBXFileReference; explicitFileType = wrapper.cfbundle; includeInIndex = 0; path = InstagramTests.xctest; sourceTree = BUILT_PRODUCTS_DIR; };
		43ADB12F286A4C1800CC266B /* InstagramTests.m */ = {isa = PBXFileReference; lastKnownFileType = sourcecode.c.objc; path = InstagramTests.m; sourceTree = "<group>"; };
		43ADB135286A4C1800CC266B /* InstagramUITests.xctest */ = {isa = PBXFileReference; explicitFileType = wrapper.cfbundle; includeInIndex = 0; path = InstagramUITests.xctest; sourceTree = BUILT_PRODUCTS_DIR; };
		43ADB139286A4C1800CC266B /* InstagramUITests.m */ = {isa = PBXFileReference; lastKnownFileType = sourcecode.c.objc; path = InstagramUITests.m; sourceTree = "<group>"; };
		43ADB13B286A4C1800CC266B /* InstagramUITestsLaunchTests.m */ = {isa = PBXFileReference; lastKnownFileType = sourcecode.c.objc; path = InstagramUITestsLaunchTests.m; sourceTree = "<group>"; };
/* End PBXFileReference section */

/* Begin PBXFrameworksBuildPhase section */
		43ADB10D286A4C1600CC266B /* Frameworks */ = {
			isa = PBXFrameworksBuildPhase;
			buildActionMask = 2147483647;
			files = (
			);
			runOnlyForDeploymentPostprocessing = 0;
		};
		43ADB128286A4C1800CC266B /* Frameworks */ = {
			isa = PBXFrameworksBuildPhase;
			buildActionMask = 2147483647;
			files = (
			);
			runOnlyForDeploymentPostprocessing = 0;
		};
		43ADB132286A4C1800CC266B /* Frameworks */ = {
			isa = PBXFrameworksBuildPhase;
			buildActionMask = 2147483647;
			files = (
			);
			runOnlyForDeploymentPostprocessing = 0;
		};
/* End PBXFrameworksBuildPhase section */

/* Begin PBXGroup section */
		43ADB107286A4C1600CC266B = {
			isa = PBXGroup;
			children = (
				43ADB112286A4C1600CC266B /* Instagram */,
				43ADB12E286A4C1800CC266B /* InstagramTests */,
				43ADB138286A4C1800CC266B /* InstagramUITests */,
				43ADB111286A4C1600CC266B /* Products */,
			);
			sourceTree = "<group>";
		};
		43ADB111286A4C1600CC266B /* Products */ = {
			isa = PBXGroup;
			children = (
				43ADB110286A4C1600CC266B /* Instagram.app */,
				43ADB12B286A4C1800CC266B /* InstagramTests.xctest */,
				43ADB135286A4C1800CC266B /* InstagramUITests.xctest */,
			);
			name = Products;
			sourceTree = "<group>";
		};
		43ADB112286A4C1600CC266B /* Instagram */ = {
			isa = PBXGroup;
			children = (
				43ADB113286A4C1600CC266B /* AppDelegate.h */,
				43ADB114286A4C1600CC266B /* AppDelegate.m */,
				43ADB116286A4C1600CC266B /* SceneDelegate.h */,
				43ADB117286A4C1600CC266B /* SceneDelegate.m */,
				43ADB119286A4C1600CC266B /* ViewController.h */,
				43ADB11A286A4C1600CC266B /* ViewController.m */,
				43ADB11C286A4C1600CC266B /* Main.storyboard */,
				43ADB11F286A4C1800CC266B /* Assets.xcassets */,
				43ADB121286A4C1800CC266B /* LaunchScreen.storyboard */,
				43ADB124286A4C1800CC266B /* Info.plist */,
				43ADB125286A4C1800CC266B /* main.m */,
			);
			path = Instagram;
			sourceTree = "<group>";
		};
		43ADB12E286A4C1800CC266B /* InstagramTests */ = {
			isa = PBXGroup;
			children = (
				43ADB12F286A4C1800CC266B /* InstagramTests.m */,
			);
			path = InstagramTests;
			sourceTree = "<group>";
		};
		43ADB138286A4C1800CC266B /* InstagramUITests */ = {
			isa = PBXGroup;
			children = (
				43ADB139286A4C1800CC266B /* InstagramUITests.m */,
				43ADB13B286A4C1800CC266B /* InstagramUITestsLaunchTests.m */,
			);
			path = InstagramUITests;
			sourceTree = "<group>";
		};
/* End PBXGroup section */

/* Begin PBXNativeTarget section */
		43ADB10F286A4C1600CC266B /* Instagram */ = {
			isa = PBXNativeTarget;
			buildConfigurationList = 43ADB13F286A4C1800CC266B /* Build configuration list for PBXNativeTarget "Instagram" */;
			buildPhases = (
				43ADB10C286A4C1600CC266B /* Sources */,
				43ADB10D286A4C1600CC266B /* Frameworks */,
				43ADB10E286A4C1600CC266B /* Resources */,
			);
			buildRules = (
			);
			dependencies = (
			);
			name = Instagram;
			productName = Instagram;
			productReference = 43ADB110286A4C1600CC266B /* Instagram.app */;
			productType = "com.apple.product-type.application";
		};
		43ADB12A286A4C1800CC266B /* InstagramTests */ = {
			isa = PBXNativeTarget;
			buildConfigurationList = 43ADB142286A4C1800CC266B /* Build configuration list for PBXNativeTarget "InstagramTests" */;
			buildPhases = (
				43ADB127286A4C1800CC266B /* Sources */,
				43ADB128286A4C1800CC266B /* Frameworks */,
				43ADB129286A4C1800CC266B /* Resources */,
			);
			buildRules = (
			);
			dependencies = (
				43ADB12D286A4C1800CC266B /* PBXTargetDependency */,
			);
			name = InstagramTests;
			productName = InstagramTests;
			productReference = 43ADB12B286A4C1800CC266B /* InstagramTests.xctest */;
			productType = "com.apple.product-type.bundle.unit-test";
		};
		43ADB134286A4C1800CC266B /* InstagramUITests */ = {
			isa = PBXNativeTarget;
			buildConfigurationList = 43ADB145286A4C1800CC266B /* Build configuration list for PBXNativeTarget "InstagramUITests" */;
			buildPhases = (
				43ADB131286A4C1800CC266B /* Sources */,
				43ADB132286A4C1800CC266B /* Frameworks */,
				43ADB133286A4C1800CC266B /* Resources */,
			);
			buildRules = (
			);
			dependencies = (
				43ADB137286A4C1800CC266B /* PBXTargetDependency */,
			);
			name = InstagramUITests;
			productName = InstagramUITests;
			productReference = 43ADB135286A4C1800CC266B /* InstagramUITests.xctest */;
			productType = "com.apple.product-type.bundle.ui-testing";
		};
/* End PBXNativeTarget section */

/* Begin PBXProject section */
		43ADB108286A4C1600CC266B /* Project object */ = {
			isa = PBXProject;
			attributes = {
				BuildIndependentTargetsInParallel = 1;
				LastUpgradeCheck = 1340;
				TargetAttributes = {
					43ADB10F286A4C1600CC266B = {
						CreatedOnToolsVersion = 13.4;
					};
					43ADB12A286A4C1800CC266B = {
						CreatedOnToolsVersion = 13.4;
						TestTargetID = 43ADB10F286A4C1600CC266B;
					};
					43ADB134286A4C1800CC266B = {
						CreatedOnToolsVersion = 13.4;
						TestTargetID = 43ADB10F286A4C1600CC266B;
					};
				};
			};
			buildConfigurationList = 43ADB10B286A4C1600CC266B /* Build configuration list for PBXProject "Instagram" */;
			compatibilityVersion = "Xcode 13.0";
			developmentRegion = en;
			hasScannedForEncodings = 0;
			knownRegions = (
				en,
				Base,
			);
			mainGroup = 43ADB107286A4C1600CC266B;
			productRefGroup = 43ADB111286A4C1600CC266B /* Products */;
			projectDirPath = "";
			projectRoot = "";
			targets = (
				43ADB10F286A4C1600CC266B /* Instagram */,
				43ADB12A286A4C1800CC266B /* InstagramTests */,
				43ADB134286A4C1800CC266B /* InstagramUITests */,
			);
		};
/* End PBXProject section */

/* Begin PBXResourcesBuildPhase section */
		43ADB10E286A4C1600CC266B /* Resources */ = {
			isa = PBXResourcesBuildPhase;
			buildActionMask = 2147483647;
			files = (
				43ADB123286A4C1800CC266B /* LaunchScreen.storyboard in Resources */,
				43ADB120286A4C1800CC266B /* Assets.xcassets in Resources */,
				43ADB11E286A4C1600CC266B /* Main.storyboard in Resources */,
			);
			runOnlyForDeploymentPostprocessing = 0;
		};
		43ADB129286A4C1800CC266B /* Resources */ = {
			isa = PBXResourcesBuildPhase;
			buildActionMask = 2147483647;
			files = (
			);
			runOnlyForDeploymentPostprocessing = 0;
		};
		43ADB133286A4C1800CC266B /* Resources */ = {
			isa = PBXResourcesBuildPhase;
			buildActionMask = 2147483647;
			files = (
			);
			runOnlyForDeploymentPostprocessing = 0;
		};
/* End PBXResourcesBuildPhase section */

/* Begin PBXSourcesBuildPhase section */
		43ADB10C286A4C1600CC266B /* Sources */ = {
			isa = PBXSourcesBuildPhase;
			buildActionMask = 2147483647;
			files = (
				43ADB11B286A4C1600CC266B /* ViewController.m in Sources */,
				43ADB115286A4C1600CC266B /* AppDelegate.m in Sources */,
				43ADB126286A4C1800CC266B /* main.m in Sources */,
				43ADB118286A4C1600CC266B /* SceneDelegate.m in Sources */,
			);
			runOnlyForDeploymentPostprocessing = 0;
		};
		43ADB127286A4C1800CC266B /* Sources */ = {
			isa = PBXSourcesBuildPhase;
			buildActionMask = 2147483647;
			files = (
				43ADB130286A4C1800CC266B /* InstagramTests.m in Sources */,
			);
			runOnlyForDeploymentPostprocessing = 0;
		};
		43ADB131286A4C1800CC266B /* Sources */ = {
			isa = PBXSourcesBuildPhase;
			buildActionMask = 2147483647;
			files = (
				43ADB13A286A4C1800CC266B /* InstagramUITests.m in Sources */,
				43ADB13C286A4C1800CC266B /* InstagramUITestsLaunchTests.m in Sources */,
			);
			runOnlyForDeploymentPostprocessing = 0;
		};
/* End PBXSourcesBuildPhase section */

/* Begin PBXTargetDependency section */
		43ADB12D286A4C1800CC266B /* PBXTargetDependency */ = {
			isa = PBXTargetDependency;
			target = 43ADB10F286A4C1600CC266B /* Instagram */;
			targetProxy = 43ADB12C286A4C1800CC266B /* PBXContainerItemProxy */;
		};
		43ADB137286A4C1800CC266B /* PBXTargetDependency */ = {
			isa = PBXTargetDependency;
			target = 43ADB10F286A4C1600CC266B /* Instagram */;
			targetProxy = 43ADB136286A4C1800CC266B /* PBXContainerItemProxy */;
		};
/* End PBXTargetDependency section */

/* Begin PBXVariantGroup section */
		43ADB11C286A4C1600CC266B /* Main.storyboard */ = {
			isa = PBXVariantGroup;
			children = (
				43ADB11D286A4C1600CC266B /* Base */,
			);
			name = Main.storyboard;
			sourceTree = "<group>";
		};
		43ADB121286A4C1800CC266B /* LaunchScreen.storyboard */ = {
			isa = PBXVariantGroup;
			children = (
				43ADB122286A4C1800CC266B /* Base */,
			);
			name = LaunchScreen.storyboard;
			sourceTree = "<group>";
		};
/* End PBXVariantGroup section */

/* Begin XCBuildConfiguration section */
		43ADB13D286A4C1800CC266B /* Debug */ = {
			isa = XCBuildConfiguration;
			buildSettings = {
				ALWAYS_SEARCH_USER_PATHS = NO;
				CLANG_ANALYZER_NONNULL = YES;
				CLANG_ANALYZER_NUMBER_OBJECT_CONVERSION = YES_AGGRESSIVE;
				CLANG_CXX_LANGUAGE_STANDARD = "gnu++17";
				CLANG_ENABLE_MODULES = YES;
				CLANG_ENABLE_OBJC_ARC = YES;
				CLANG_ENABLE_OBJC_WEAK = YES;
				CLANG_WARN_BLOCK_CAPTURE_AUTORELEASING = YES;
				CLANG_WARN_BOOL_CONVERSION = YES;
				CLANG_WARN_COMMA = YES;
				CLANG_WARN_CONSTANT_CONVERSION = YES;
				CLANG_WARN_DEPRECATED_OBJC_IMPLEMENTATIONS = YES;
				CLANG_WARN_DIRECT_OBJC_ISA_USAGE = YES_ERROR;
				CLANG_WARN_DOCUMENTATION_COMMENTS = YES;
				CLANG_WARN_EMPTY_BODY = YES;
				CLANG_WARN_ENUM_CONVERSION = YES;
				CLANG_WARN_INFINITE_RECURSION = YES;
				CLANG_WARN_INT_CONVERSION = YES;
				CLANG_WARN_NON_LITERAL_NULL_CONVERSION = YES;
				CLANG_WARN_OBJC_IMPLICIT_RETAIN_SELF = YES;
				CLANG_WARN_OBJC_LITERAL_CONVERSION = YES;
				CLANG_WARN_OBJC_ROOT_CLASS = YES_ERROR;
				CLANG_WARN_QUOTED_INCLUDE_IN_FRAMEWORK_HEADER = YES;
				CLANG_WARN_RANGE_LOOP_ANALYSIS = YES;
				CLANG_WARN_STRICT_PROTOTYPES = YES;
				CLANG_WARN_SUSPICIOUS_MOVE = YES;
				CLANG_WARN_UNGUARDED_AVAILABILITY = YES_AGGRESSIVE;
				CLANG_WARN_UNREACHABLE_CODE = YES;
				CLANG_WARN__DUPLICATE_METHOD_MATCH = YES;
				COPY_PHASE_STRIP = NO;
				DEBUG_INFORMATION_FORMAT = dwarf;
				ENABLE_STRICT_OBJC_MSGSEND = YES;
				ENABLE_TESTABILITY = YES;
				GCC_C_LANGUAGE_STANDARD = gnu11;
				GCC_DYNAMIC_NO_PIC = NO;
				GCC_NO_COMMON_BLOCKS = YES;
				GCC_OPTIMIZATION_LEVEL = 0;
				GCC_PREPROCESSOR_DEFINITIONS = (
					"DEBUG=1",
					"$(inherited)",
				);
				GCC_WARN_64_TO_32_BIT_CONVERSION = YES;
				GCC_WARN_ABOUT_RETURN_TYPE = YES_ERROR;
				GCC_WARN_UNDECLARED_SELECTOR = YES;
				GCC_WARN_UNINITIALIZED_AUTOS = YES_AGGRESSIVE;
				GCC_WARN_UNUSED_FUNCTION = YES;
				GCC_WARN_UNUSED_VARIABLE = YES;
				IPHONEOS_DEPLOYMENT_TARGET = 15.5;
				MTL_ENABLE_DEBUG_INFO = INCLUDE_SOURCE;
				MTL_FAST_MATH = YES;
				ONLY_ACTIVE_ARCH = YES;
				SDKROOT = iphoneos;
			};
			name = Debug;
		};
		43ADB13E286A4C1800CC266B /* Release */ = {
			isa = XCBuildConfiguration;
			buildSettings = {
				ALWAYS_SEARCH_USER_PATHS = NO;
				CLANG_ANALYZER_NONNULL = YES;
				CLANG_ANALYZER_NUMBER_OBJECT_CONVERSION = YES_AGGRESSIVE;
				CLANG_CXX_LANGUAGE_STANDARD = "gnu++17";
				CLANG_ENABLE_MODULES = YES;
				CLANG_ENABLE_OBJC_ARC = YES;
				CLANG_ENABLE_OBJC_WEAK = YES;
				CLANG_WARN_BLOCK_CAPTURE_AUTORELEASING = YES;
				CLANG_WARN_BOOL_CONVERSION = YES;
				CLANG_WARN_COMMA = YES;
				CLANG_WARN_CONSTANT_CONVERSION = YES;
				CLANG_WARN_DEPRECATED_OBJC_IMPLEMENTATIONS = YES;
				CLANG_WARN_DIRECT_OBJC_ISA_USAGE = YES_ERROR;
				CLANG_WARN_DOCUMENTATION_COMMENTS = YES;
				CLANG_WARN_EMPTY_BODY = YES;
				CLANG_WARN_ENUM_CONVERSION = YES;
				CLANG_WARN_INFINITE_RECURSION = YES;
				CLANG_WARN_INT_CONVERSION = YES;
				CLANG_WARN_NON_LITERAL_NULL_CONVERSION = YES;
				CLANG_WARN_OBJC_IMPLICIT_RETAIN_SELF = YES;
				CLANG_WARN_OBJC_LITERAL_CONVERSION = YES;
				CLANG_WARN_OBJC_ROOT_CLASS = YES_ERROR;
				CLANG_WARN_QUOTED_INCLUDE_IN_FRAMEWORK_HEADER = YES;
				CLANG_WARN_RANGE_LOOP_ANALYSIS = YES;
				CLANG_WARN_STRICT_PROTOTYPES = YES;
				CLANG_WARN_SUSPICIOUS_MOVE = YES;
				CLANG_WARN_UNGUARDED_AVAILABILITY = YES_AGGRESSIVE;
				CLANG_WARN_UNREACHABLE_CODE = YES;
				CLANG_WARN__DUPLICATE_METHOD_MATCH = YES;
				COPY_PHASE_STRIP = NO;
				DEBUG_INFORMATION_FORMAT = "dwarf-with-dsym";
				ENABLE_NS_ASSERTIONS = NO;
				ENABLE_STRICT_OBJC_MSGSEND = YES;
				GCC_C_LANGUAGE_STANDARD = gnu11;
				GCC_NO_COMMON_BLOCKS = YES;
				GCC_WARN_64_TO_32_BIT_CONVERSION = YES;
				GCC_WARN_ABOUT_RETURN_TYPE = YES_ERROR;
				GCC_WARN_UNDECLARED_SELECTOR = YES;
				GCC_WARN_UNINITIALIZED_AUTOS = YES_AGGRESSIVE;
				GCC_WARN_UNUSED_FUNCTION = YES;
				GCC_WARN_UNUSED_VARIABLE = YES;
				IPHONEOS_DEPLOYMENT_TARGET = 15.5;
				MTL_ENABLE_DEBUG_INFO = NO;
				MTL_FAST_MATH = YES;
				SDKROOT = iphoneos;
				VALIDATE_PRODUCT = YES;
			};
			name = Release;
		};
		43ADB140286A4C1800CC266B /* Debug */ = {
			isa = XCBuildConfiguration;
			buildSettings = {
				ASSETCATALOG_COMPILER_APPICON_NAME = AppIcon;
				ASSETCATALOG_COMPILER_GLOBAL_ACCENT_COLOR_NAME = AccentColor;
				CODE_SIGN_STYLE = Automatic;
				CURRENT_PROJECT_VERSION = 1;
				DEVELOPMENT_TEAM = CZ5U2S73YA;
				GENERATE_INFOPLIST_FILE = YES;
				INFOPLIST_FILE = Instagram/Info.plist;
				INFOPLIST_KEY_UIApplicationSupportsIndirectInputEvents = YES;
				INFOPLIST_KEY_UILaunchStoryboardName = LaunchScreen;
				INFOPLIST_KEY_UIMainStoryboardFile = Main;
				INFOPLIST_KEY_UISupportedInterfaceOrientations_iPad = "UIInterfaceOrientationPortrait UIInterfaceOrientationPortraitUpsideDown UIInterfaceOrientationLandscapeLeft UIInterfaceOrientationLandscapeRight";
				INFOPLIST_KEY_UISupportedInterfaceOrientations_iPhone = "UIInterfaceOrientationPortrait UIInterfaceOrientationLandscapeLeft UIInterfaceOrientationLandscapeRight";
				LD_RUNPATH_SEARCH_PATHS = (
					"$(inherited)",
					"@executable_path/Frameworks",
				);
				MARKETING_VERSION = 1.0;
				PRODUCT_BUNDLE_IDENTIFIER = com.codepath.Instagram;
				PRODUCT_NAME = "$(TARGET_NAME)";
				SWIFT_EMIT_LOC_STRINGS = YES;
				TARGETED_DEVICE_FAMILY = "1,2";
			};
			name = Debug;
		};
		43ADB141286A4C1800CC266B /* Release */ = {
			isa = XCBuildConfiguration;
			buildSettings = {
				ASSETCATALOG_COMPILER_APPICON_NAME = AppIcon;
				ASSETCATALOG_COMPILER_GLOBAL_ACCENT_COLOR_NAME = AccentColor;
				CODE_SIGN_STYLE = Automatic;
				CURRENT_PROJECT_VERSION = 1;
				DEVELOPMENT_TEAM = CZ5U2S73YA;
				GENERATE_INFOPLIST_FILE = YES;
				INFOPLIST_FILE = Instagram/Info.plist;
				INFOPLIST_KEY_UIApplicationSupportsIndirectInputEvents = YES;
				INFOPLIST_KEY_UILaunchStoryboardName = LaunchScreen;
				INFOPLIST_KEY_UIMainStoryboardFile = Main;
				INFOPLIST_KEY_UISupportedInterfaceOrientations_iPad = "UIInterfaceOrientationPortrait UIInterfaceOrientationPortraitUpsideDown UIInterfaceOrientationLandscapeLeft UIInterfaceOrientationLandscapeRight";
				INFOPLIST_KEY_UISupportedInterfaceOrientations_iPhone = "UIInterfaceOrientationPortrait UIInterfaceOrientationLandscapeLeft UIInterfaceOrientationLandscapeRight";
				LD_RUNPATH_SEARCH_PATHS = (
					"$(inherited)",
					"@executable_path/Frameworks",
				);
				MARKETING_VERSION = 1.0;
				PRODUCT_BUNDLE_IDENTIFIER = com.codepath.Instagram;
				PRODUCT_NAME = "$(TARGET_NAME)";
				SWIFT_EMIT_LOC_STRINGS = YES;
				TARGETED_DEVICE_FAMILY = "1,2";
			};
			name = Release;
		};
		43ADB143286A4C1800CC266B /* Debug */ = {
			isa = XCBuildConfiguration;
			buildSettings = {
				BUNDLE_LOADER = "$(TEST_HOST)";
				CODE_SIGN_STYLE = Automatic;
				CURRENT_PROJECT_VERSION = 1;
				DEVELOPMENT_TEAM = CZ5U2S73YA;
				GENERATE_INFOPLIST_FILE = YES;
				IPHONEOS_DEPLOYMENT_TARGET = 15.5;
				MARKETING_VERSION = 1.0;
				PRODUCT_BUNDLE_IDENTIFIER = com.codepath.InstagramTests;
				PRODUCT_NAME = "$(TARGET_NAME)";
				SWIFT_EMIT_LOC_STRINGS = NO;
				TARGETED_DEVICE_FAMILY = "1,2";
				TEST_HOST = "$(BUILT_PRODUCTS_DIR)/Instagram.app/Instagram";
			};
			name = Debug;
		};
		43ADB144286A4C1800CC266B /* Release */ = {
			isa = XCBuildConfiguration;
			buildSettings = {
				BUNDLE_LOADER = "$(TEST_HOST)";
				CODE_SIGN_STYLE = Automatic;
				CURRENT_PROJECT_VERSION = 1;
				DEVELOPMENT_TEAM = CZ5U2S73YA;
				GENERATE_INFOPLIST_FILE = YES;
				IPHONEOS_DEPLOYMENT_TARGET = 15.5;
				MARKETING_VERSION = 1.0;
				PRODUCT_BUNDLE_IDENTIFIER = com.codepath.InstagramTests;
				PRODUCT_NAME = "$(TARGET_NAME)";
				SWIFT_EMIT_LOC_STRINGS = NO;
				TARGETED_DEVICE_FAMILY = "1,2";
				TEST_HOST = "$(BUILT_PRODUCTS_DIR)/Instagram.app/Instagram";
			};
			name = Release;
		};
		43ADB146286A4C1800CC266B /* Debug */ = {
			isa = XCBuildConfiguration;
			buildSettings = {
				CODE_SIGN_STYLE = Automatic;
				CURRENT_PROJECT_VERSION = 1;
				DEVELOPMENT_TEAM = CZ5U2S73YA;
				GENERATE_INFOPLIST_FILE = YES;
				MARKETING_VERSION = 1.0;
				PRODUCT_BUNDLE_IDENTIFIER = com.codepath.InstagramUITests;
				PRODUCT_NAME = "$(TARGET_NAME)";
				SWIFT_EMIT_LOC_STRINGS = NO;
				TARGETED_DEVICE_FAMILY = "1,2";
				TEST_TARGET_NAME = Instagram;
			};
			name = Debug;
		};
		43ADB147286A4C1800CC266B /* Release */ = {
			isa = XCBuildConfiguration;
			buildSettings = {
				CODE_SIGN_STYLE = Automatic;
				CURRENT_PROJECT_VERSION = 1;
				DEVELOPMENT_TEAM = CZ5U2S73YA;
				GENERATE_INFOPLIST_FILE = YES;
				MARKETING_VERSION = 1.0;
				PRODUCT_BUNDLE_IDENTIFIER = com.codepath.InstagramUITests;
				PRODUCT_NAME = "$(TARGET_NAME)";
				SWIFT_EMIT_LOC_STRINGS = NO;
				TARGETED_DEVICE_FAMILY = "1,2";
				TEST_TARGET_NAME = Instagram;
			};
			name = Release;
		};
/* End XCBuildConfiguration section */

/* Begin XCConfigurationList section */
		43ADB10B286A4C1600CC266B /* Build configuration list for PBXProject "Instagram" */ = {
			isa = XCConfigurationList;
			buildConfigurations = (
				43ADB13D286A4C1800CC266B /* Debug */,
				43ADB13E286A4C1800CC266B /* Release */,
			);
			defaultConfigurationIsVisible = 0;
			defaultConfigurationName = Release;
		};
		43ADB13F286A4C1800CC266B /* Build configuration list for PBXNativeTarget "Instagram" */ = {
			isa = XCConfigurationList;
			buildConfigurations = (
				43ADB140286A4C1800CC266B /* Debug */,
				43ADB141286A4C1800CC266B /* Release */,
			);
			defaultConfigurationIsVisible = 0;
			defaultConfigurationName = Release;
		};
		43ADB142286A4C1800CC266B /* Build configuration list for PBXNativeTarget "InstagramTests" */ = {
			isa = XCConfigurationList;
			buildConfigurations = (
				43ADB143286A4C1800CC266B /* Debug */,
				43ADB144286A4C1800CC266B /* Release */,
			);
			defaultConfigurationIsVisible = 0;
			defaultConfigurationName = Release;
		};
		43ADB145286A4C1800CC266B /* Build configuration list for PBXNativeTarget "InstagramUITests" */ = {
			isa = XCConfigurationList;
			buildConfigurations = (
				43ADB146286A4C1800CC266B /* Debug */,
				43ADB147286A4C1800CC266B /* Release */,
			);
			defaultConfigurationIsVisible = 0;
			defaultConfigurationName = Release;
		};
/* End XCConfigurationList section */
	};
	rootObject = 43ADB108286A4C1600CC266B /* Project object */;
}
